// !$*UTF8*$!
{
	archiveVersion = 1;
	classes = {
	};
	objectVersion = 55;
	objects = {

/* Begin PBXBuildFile section */
		5728CDF12813DB2900BBC308 /* HeaderView.swift in Sources */ = {isa = PBXBuildFile; fileRef = 5728CDF02813DB2900BBC308 /* HeaderView.swift */; };
		5728CDF32814306A00BBC308 /* EventListView.swift in Sources */ = {isa = PBXBuildFile; fileRef = 5728CDF22814306A00BBC308 /* EventListView.swift */; };
		5728CDF52815926200BBC308 /* HomeView.swift in Sources */ = {isa = PBXBuildFile; fileRef = 5728CDF42815926200BBC308 /* HomeView.swift */; };
		5728CDF92816D0C800BBC308 /* Settings.plist in Resources */ = {isa = PBXBuildFile; fileRef = 5728CDF82816D0C800BBC308 /* Settings.plist */; };
		5728CDFC2816D43A00BBC308 /* DashboardClient.swift in Sources */ = {isa = PBXBuildFile; fileRef = 5728CDFB2816D43A00BBC308 /* DashboardClient.swift */; };
		5728CDFE281A389C00BBC308 /* UnsplashClient.swift in Sources */ = {isa = PBXBuildFile; fileRef = 5728CDFD281A389B00BBC308 /* UnsplashClient.swift */; };
		57697EE8290E5A7600C3F916 /* MapView.swift in Sources */ = {isa = PBXBuildFile; fileRef = 57697EE7290E5A7600C3F916 /* MapView.swift */; };
		57697EEA290EBE8400C3F916 /* MapOverlayClient.swift in Sources */ = {isa = PBXBuildFile; fileRef = 57697EE9290EBE8400C3F916 /* MapOverlayClient.swift */; };
		576E4C2D28E4819400EF0B06 /* Settings.swift in Sources */ = {isa = PBXBuildFile; fileRef = 576E4C2C28E4819400EF0B06 /* Settings.swift */; };
		577A4815281A6C48007090BF /* WeatherView.swift in Sources */ = {isa = PBXBuildFile; fileRef = 577A4814281A6C48007090BF /* WeatherView.swift */; };
		577A4817281A6CD0007090BF /* TrainServiceView.swift in Sources */ = {isa = PBXBuildFile; fileRef = 577A4816281A6CD0007090BF /* TrainServiceView.swift */; };
		577A481C282396A6007090BF /* MetricsClient.swift in Sources */ = {isa = PBXBuildFile; fileRef = 577A481B282396A6007090BF /* MetricsClient.swift */; };
		577A482428263A7D007090BF /* RoomStatusView.swift in Sources */ = {isa = PBXBuildFile; fileRef = 577A482328263A7D007090BF /* RoomStatusView.swift */; };
		578FCB1629138E18005AE088 /* OverlayImageMapView.swift in Sources */ = {isa = PBXBuildFile; fileRef = 578FCB1529138E18005AE088 /* OverlayImageMapView.swift */; };
		579F5950284CD2CF003D8F6D /* SensorsRecord.swift in Sources */ = {isa = PBXBuildFile; fileRef = 579F594F284CD2CF003D8F6D /* SensorsRecord.swift */; };
		579F5952284CD333003D8F6D /* RoomSensorsHistory.swift in Sources */ = {isa = PBXBuildFile; fileRef = 579F5951284CD333003D8F6D /* RoomSensorsHistory.swift */; };
		579F5954284CE3E5003D8F6D /* GoogleService-Info.plist in Resources */ = {isa = PBXBuildFile; fileRef = 579F5953284CE3E5003D8F6D /* GoogleService-Info.plist */; };
		579F5957284CE4D7003D8F6D /* FirebaseFirestore in Frameworks */ = {isa = PBXBuildFile; productRef = 579F5956284CE4D7003D8F6D /* FirebaseFirestore */; };
		579F5959284CE4D7003D8F6D /* FirebaseFirestoreCombine-Community in Frameworks */ = {isa = PBXBuildFile; productRef = 579F5958284CE4D7003D8F6D /* FirebaseFirestoreCombine-Community */; };
		579F595B284CE4D7003D8F6D /* FirebaseFirestoreSwift in Frameworks */ = {isa = PBXBuildFile; productRef = 579F595A284CE4D7003D8F6D /* FirebaseFirestoreSwift */; };
		57AAA7E228E341A4008CE2E9 /* Charts in Frameworks */ = {isa = PBXBuildFile; productRef = 57AAA7E128E341A4008CE2E9 /* Charts */; };
		57B5D5D729C5AE99001544C1 /* Color+Extension.swift in Sources */ = {isa = PBXBuildFile; fileRef = 57B5D5D629C5AE99001544C1 /* Color+Extension.swift */; };
		57B8AC1F28A76953001CE330 /* HourlyForecastRecordView.swift in Sources */ = {isa = PBXBuildFile; fileRef = 57B8AC1E28A76953001CE330 /* HourlyForecastRecordView.swift */; };
		57B8AC2128ACBAE6001CE330 /* EventClient.swift in Sources */ = {isa = PBXBuildFile; fileRef = 57B8AC2028ACBAE6001CE330 /* EventClient.swift */; };
		57B8AC2328AF591C001CE330 /* BLEAdvertisementScanner.swift in Sources */ = {isa = PBXBuildFile; fileRef = 57B8AC2228AF591C001CE330 /* BLEAdvertisementScanner.swift */; };
		57DD4EB6280156FF00D0F249 /* HorizonCalendar in Frameworks */ = {isa = PBXBuildFile; productRef = 57DD4EB5280156FF00D0F249 /* HorizonCalendar */; };
		57DD4EB82801573800D0F249 /* CalendarView.swift in Sources */ = {isa = PBXBuildFile; fileRef = 57DD4EB72801573800D0F249 /* CalendarView.swift */; };
		57EDCAFB28BDE3C40064E7E5 /* BLEAdvertisementClient.swift in Sources */ = {isa = PBXBuildFile; fileRef = 57EDCAFA28BDE3C40064E7E5 /* BLEAdvertisementClient.swift */; };
		57F5BC71280D96D100191F64 /* ComposableArchitecture in Frameworks */ = {isa = PBXBuildFile; productRef = 57F5BC70280D96D100191F64 /* ComposableArchitecture */; };
		57F5BC73280D980D00191F64 /* PancakeView.swift in Sources */ = {isa = PBXBuildFile; fileRef = 57F5BC72280D980D00191F64 /* PancakeView.swift */; };
		57FFECCB27F966CE00B03EE1 /* PancakeApp.swift in Sources */ = {isa = PBXBuildFile; fileRef = 57FFECCA27F966CE00B03EE1 /* PancakeApp.swift */; };
		57FFECCF27F966D000B03EE1 /* Assets.xcassets in Resources */ = {isa = PBXBuildFile; fileRef = 57FFECCE27F966D000B03EE1 /* Assets.xcassets */; };
		57FFECD227F966D000B03EE1 /* Preview Assets.xcassets in Resources */ = {isa = PBXBuildFile; fileRef = 57FFECD127F966D000B03EE1 /* Preview Assets.xcassets */; };
/* End PBXBuildFile section */

/* Begin PBXFileReference section */
		5728CDF02813DB2900BBC308 /* HeaderView.swift */ = {isa = PBXFileReference; lastKnownFileType = sourcecode.swift; path = HeaderView.swift; sourceTree = "<group>"; };
		5728CDF22814306A00BBC308 /* EventListView.swift */ = {isa = PBXFileReference; lastKnownFileType = sourcecode.swift; path = EventListView.swift; sourceTree = "<group>"; };
		5728CDF42815926200BBC308 /* HomeView.swift */ = {isa = PBXFileReference; lastKnownFileType = sourcecode.swift; path = HomeView.swift; sourceTree = "<group>"; };
		5728CDF82816D0C800BBC308 /* Settings.plist */ = {isa = PBXFileReference; lastKnownFileType = text.plist.xml; path = Settings.plist; sourceTree = "<group>"; };
		5728CDFB2816D43A00BBC308 /* DashboardClient.swift */ = {isa = PBXFileReference; lastKnownFileType = sourcecode.swift; path = DashboardClient.swift; sourceTree = "<group>"; };
		5728CDFD281A389B00BBC308 /* UnsplashClient.swift */ = {isa = PBXFileReference; lastKnownFileType = sourcecode.swift; path = UnsplashClient.swift; sourceTree = "<group>"; };
		57697EE7290E5A7600C3F916 /* MapView.swift */ = {isa = PBXFileReference; lastKnownFileType = sourcecode.swift; path = MapView.swift; sourceTree = "<group>"; };
		57697EE9290EBE8400C3F916 /* MapOverlayClient.swift */ = {isa = PBXFileReference; lastKnownFileType = sourcecode.swift; path = MapOverlayClient.swift; sourceTree = "<group>"; };
		576E4C2C28E4819400EF0B06 /* Settings.swift */ = {isa = PBXFileReference; lastKnownFileType = sourcecode.swift; path = Settings.swift; sourceTree = "<group>"; };
		577A4814281A6C48007090BF /* WeatherView.swift */ = {isa = PBXFileReference; lastKnownFileType = sourcecode.swift; path = WeatherView.swift; sourceTree = "<group>"; };
		577A4816281A6CD0007090BF /* TrainServiceView.swift */ = {isa = PBXFileReference; lastKnownFileType = sourcecode.swift; path = TrainServiceView.swift; sourceTree = "<group>"; };
		577A481B282396A6007090BF /* MetricsClient.swift */ = {isa = PBXFileReference; lastKnownFileType = sourcecode.swift; path = MetricsClient.swift; sourceTree = "<group>"; };
		577A482328263A7D007090BF /* RoomStatusView.swift */ = {isa = PBXFileReference; lastKnownFileType = sourcecode.swift; path = RoomStatusView.swift; sourceTree = "<group>"; };
		578FCB1529138E18005AE088 /* OverlayImageMapView.swift */ = {isa = PBXFileReference; lastKnownFileType = sourcecode.swift; path = OverlayImageMapView.swift; sourceTree = "<group>"; };
		579F594F284CD2CF003D8F6D /* SensorsRecord.swift */ = {isa = PBXFileReference; lastKnownFileType = sourcecode.swift; path = SensorsRecord.swift; sourceTree = "<group>"; };
		579F5951284CD333003D8F6D /* RoomSensorsHistory.swift */ = {isa = PBXFileReference; lastKnownFileType = sourcecode.swift; path = RoomSensorsHistory.swift; sourceTree = "<group>"; };
		579F5953284CE3E5003D8F6D /* GoogleService-Info.plist */ = {isa = PBXFileReference; fileEncoding = 4; lastKnownFileType = text.plist.xml; path = "GoogleService-Info.plist"; sourceTree = "<group>"; };
		57B5D5D629C5AE99001544C1 /* Color+Extension.swift */ = {isa = PBXFileReference; lastKnownFileType = sourcecode.swift; path = "Color+Extension.swift"; sourceTree = "<group>"; };
		57B8AC1E28A76953001CE330 /* HourlyForecastRecordView.swift */ = {isa = PBXFileReference; lastKnownFileType = sourcecode.swift; path = HourlyForecastRecordView.swift; sourceTree = "<group>"; };
		57B8AC2028ACBAE6001CE330 /* EventClient.swift */ = {isa = PBXFileReference; lastKnownFileType = sourcecode.swift; path = EventClient.swift; sourceTree = "<group>"; };
		57B8AC2228AF591C001CE330 /* BLEAdvertisementScanner.swift */ = {isa = PBXFileReference; lastKnownFileType = sourcecode.swift; path = BLEAdvertisementScanner.swift; sourceTree = "<group>"; };
		57DD4EB72801573800D0F249 /* CalendarView.swift */ = {isa = PBXFileReference; lastKnownFileType = sourcecode.swift; path = CalendarView.swift; sourceTree = "<group>"; };
		57EDCAFA28BDE3C40064E7E5 /* BLEAdvertisementClient.swift */ = {isa = PBXFileReference; lastKnownFileType = sourcecode.swift; path = BLEAdvertisementClient.swift; sourceTree = "<group>"; };
		57F5BC72280D980D00191F64 /* PancakeView.swift */ = {isa = PBXFileReference; lastKnownFileType = sourcecode.swift; path = PancakeView.swift; sourceTree = "<group>"; };
		57FFECC727F966CE00B03EE1 /* Pancake.app */ = {isa = PBXFileReference; explicitFileType = wrapper.application; includeInIndex = 0; path = Pancake.app; sourceTree = BUILT_PRODUCTS_DIR; };
		57FFECCA27F966CE00B03EE1 /* PancakeApp.swift */ = {isa = PBXFileReference; lastKnownFileType = sourcecode.swift; path = PancakeApp.swift; sourceTree = "<group>"; };
		57FFECCE27F966D000B03EE1 /* Assets.xcassets */ = {isa = PBXFileReference; lastKnownFileType = folder.assetcatalog; path = Assets.xcassets; sourceTree = "<group>"; };
		57FFECD127F966D000B03EE1 /* Preview Assets.xcassets */ = {isa = PBXFileReference; lastKnownFileType = folder.assetcatalog; path = "Preview Assets.xcassets"; sourceTree = "<group>"; };
		57FFECD827F966F100B03EE1 /* Info.plist */ = {isa = PBXFileReference; lastKnownFileType = text.plist; path = Info.plist; sourceTree = "<group>"; };
/* End PBXFileReference section */

/* Begin PBXFrameworksBuildPhase section */
		57FFECC427F966CE00B03EE1 /* Frameworks */ = {
			isa = PBXFrameworksBuildPhase;
			buildActionMask = 2147483647;
			files = (
				579F5957284CE4D7003D8F6D /* FirebaseFirestore in Frameworks */,
				57DD4EB6280156FF00D0F249 /* HorizonCalendar in Frameworks */,
				57AAA7E228E341A4008CE2E9 /* Charts in Frameworks */,
				579F5959284CE4D7003D8F6D /* FirebaseFirestoreCombine-Community in Frameworks */,
				57F5BC71280D96D100191F64 /* ComposableArchitecture in Frameworks */,
				579F595B284CE4D7003D8F6D /* FirebaseFirestoreSwift in Frameworks */,
			);
			runOnlyForDeploymentPostprocessing = 0;
		};
/* End PBXFrameworksBuildPhase section */

/* Begin PBXGroup section */
		57226C69290517A70007BED6 /* Component */ = {
			isa = PBXGroup;
			children = (
				57DD4EB72801573800D0F249 /* CalendarView.swift */,
				577A4814281A6C48007090BF /* WeatherView.swift */,
				57B8AC1E28A76953001CE330 /* HourlyForecastRecordView.swift */,
				577A4816281A6CD0007090BF /* TrainServiceView.swift */,
				577A482328263A7D007090BF /* RoomStatusView.swift */,
				578FCB1529138E18005AE088 /* OverlayImageMapView.swift */,
			);
			path = Component;
			sourceTree = "<group>";
		};
		5728CDFA2816D42900BBC308 /* Client */ = {
			isa = PBXGroup;
			children = (
				5728CDFB2816D43A00BBC308 /* DashboardClient.swift */,
				5728CDFD281A389B00BBC308 /* UnsplashClient.swift */,
				577A481B282396A6007090BF /* MetricsClient.swift */,
				57B8AC2028ACBAE6001CE330 /* EventClient.swift */,
				57EDCAFA28BDE3C40064E7E5 /* BLEAdvertisementClient.swift */,
				57697EE9290EBE8400C3F916 /* MapOverlayClient.swift */,
			);
			path = Client;
			sourceTree = "<group>";
		};
		57B5D5D529C5AE7B001544C1 /* Extension */ = {
			isa = PBXGroup;
			children = (
				57B5D5D629C5AE99001544C1 /* Color+Extension.swift */,
			);
			path = Extension;
			sourceTree = "<group>";
		};
		57FFECBE27F966CE00B03EE1 = {
			isa = PBXGroup;
			children = (
				57FFECC927F966CE00B03EE1 /* Pancake */,
				57FFECC827F966CE00B03EE1 /* Products */,
			);
			sourceTree = "<group>";
		};
		57FFECC827F966CE00B03EE1 /* Products */ = {
			isa = PBXGroup;
			children = (
				57FFECC727F966CE00B03EE1 /* Pancake.app */,
			);
			name = Products;
			sourceTree = "<group>";
		};
		57FFECC927F966CE00B03EE1 /* Pancake */ = {
			isa = PBXGroup;
			children = (
				57B5D5D529C5AE7B001544C1 /* Extension */,
				5728CDFA2816D42900BBC308 /* Client */,
				57FFECDA27F9699100B03EE1 /* View */,
				57FFECD927F9686400B03EE1 /* Sensor */,
				57FFECD827F966F100B03EE1 /* Info.plist */,
				5728CDF82816D0C800BBC308 /* Settings.plist */,
				579F5953284CE3E5003D8F6D /* GoogleService-Info.plist */,
				57FFECCA27F966CE00B03EE1 /* PancakeApp.swift */,
				576E4C2C28E4819400EF0B06 /* Settings.swift */,
				57FFECCE27F966D000B03EE1 /* Assets.xcassets */,
				57FFECD027F966D000B03EE1 /* Preview Content */,
			);
			path = Pancake;
			sourceTree = "<group>";
		};
		57FFECD027F966D000B03EE1 /* Preview Content */ = {
			isa = PBXGroup;
			children = (
				57FFECD127F966D000B03EE1 /* Preview Assets.xcassets */,
			);
			path = "Preview Content";
			sourceTree = "<group>";
		};
		57FFECD927F9686400B03EE1 /* Sensor */ = {
			isa = PBXGroup;
			children = (
				579F594F284CD2CF003D8F6D /* SensorsRecord.swift */,
				579F5951284CD333003D8F6D /* RoomSensorsHistory.swift */,
				57B8AC2228AF591C001CE330 /* BLEAdvertisementScanner.swift */,
			);
			path = Sensor;
			sourceTree = "<group>";
		};
		57FFECDA27F9699100B03EE1 /* View */ = {
			isa = PBXGroup;
			children = (
				5728CDF22814306A00BBC308 /* EventListView.swift */,
				5728CDF02813DB2900BBC308 /* HeaderView.swift */,
				5728CDF42815926200BBC308 /* HomeView.swift */,
				57697EE7290E5A7600C3F916 /* MapView.swift */,
				57F5BC72280D980D00191F64 /* PancakeView.swift */,
				57226C69290517A70007BED6 /* Component */,
			);
			path = View;
			sourceTree = "<group>";
		};
/* End PBXGroup section */

/* Begin PBXNativeTarget section */
		57FFECC627F966CE00B03EE1 /* Pancake */ = {
			isa = PBXNativeTarget;
			buildConfigurationList = 57FFECD527F966D000B03EE1 /* Build configuration list for PBXNativeTarget "Pancake" */;
			buildPhases = (
				57FFECC327F966CE00B03EE1 /* Sources */,
				57FFECC427F966CE00B03EE1 /* Frameworks */,
				57FFECC527F966CE00B03EE1 /* Resources */,
			);
			buildRules = (
			);
			dependencies = (
			);
			name = Pancake;
			packageProductDependencies = (
				57DD4EB5280156FF00D0F249 /* HorizonCalendar */,
				57F5BC70280D96D100191F64 /* ComposableArchitecture */,
				579F5956284CE4D7003D8F6D /* FirebaseFirestore */,
				579F5958284CE4D7003D8F6D /* FirebaseFirestoreCombine-Community */,
				579F595A284CE4D7003D8F6D /* FirebaseFirestoreSwift */,
				57AAA7E128E341A4008CE2E9 /* Charts */,
			);
			productName = Pancake;
			productReference = 57FFECC727F966CE00B03EE1 /* Pancake.app */;
			productType = "com.apple.product-type.application";
		};
/* End PBXNativeTarget section */

/* Begin PBXProject section */
		57FFECBF27F966CE00B03EE1 /* Project object */ = {
			isa = PBXProject;
			attributes = {
				BuildIndependentTargetsInParallel = 1;
				LastSwiftUpdateCheck = 1320;
				LastUpgradeCheck = 1320;
				TargetAttributes = {
					57FFECC627F966CE00B03EE1 = {
						CreatedOnToolsVersion = 13.2.1;
					};
				};
			};
			buildConfigurationList = 57FFECC227F966CE00B03EE1 /* Build configuration list for PBXProject "Pancake" */;
			compatibilityVersion = "Xcode 13.0";
			developmentRegion = en;
			hasScannedForEncodings = 0;
			knownRegions = (
				en,
				Base,
			);
			mainGroup = 57FFECBE27F966CE00B03EE1;
			packageReferences = (
				57DD4EB4280156FF00D0F249 /* XCRemoteSwiftPackageReference "HorizonCalendar" */,
				57F5BC6F280D96D100191F64 /* XCRemoteSwiftPackageReference "swift-composable-architecture" */,
				579F5955284CE4D7003D8F6D /* XCRemoteSwiftPackageReference "firebase-ios-sdk" */,
				57AAA7E028E341A4008CE2E9 /* XCRemoteSwiftPackageReference "Charts" */,
			);
			productRefGroup = 57FFECC827F966CE00B03EE1 /* Products */;
			projectDirPath = "";
			projectRoot = "";
			targets = (
				57FFECC627F966CE00B03EE1 /* Pancake */,
			);
		};
/* End PBXProject section */

/* Begin PBXResourcesBuildPhase section */
		57FFECC527F966CE00B03EE1 /* Resources */ = {
			isa = PBXResourcesBuildPhase;
			buildActionMask = 2147483647;
			files = (
				57FFECD227F966D000B03EE1 /* Preview Assets.xcassets in Resources */,
				579F5954284CE3E5003D8F6D /* GoogleService-Info.plist in Resources */,
				57FFECCF27F966D000B03EE1 /* Assets.xcassets in Resources */,
				5728CDF92816D0C800BBC308 /* Settings.plist in Resources */,
			);
			runOnlyForDeploymentPostprocessing = 0;
		};
/* End PBXResourcesBuildPhase section */

/* Begin PBXSourcesBuildPhase section */
		57FFECC327F966CE00B03EE1 /* Sources */ = {
			isa = PBXSourcesBuildPhase;
			buildActionMask = 2147483647;
			files = (
				57B8AC2328AF591C001CE330 /* BLEAdvertisementScanner.swift in Sources */,
				5728CDF32814306A00BBC308 /* EventListView.swift in Sources */,
				5728CDF12813DB2900BBC308 /* HeaderView.swift in Sources */,
				57DD4EB82801573800D0F249 /* CalendarView.swift in Sources */,
				5728CDFE281A389C00BBC308 /* UnsplashClient.swift in Sources */,
				57B8AC1F28A76953001CE330 /* HourlyForecastRecordView.swift in Sources */,
				578FCB1629138E18005AE088 /* OverlayImageMapView.swift in Sources */,
				57EDCAFB28BDE3C40064E7E5 /* BLEAdvertisementClient.swift in Sources */,
				579F5950284CD2CF003D8F6D /* SensorsRecord.swift in Sources */,
				57697EEA290EBE8400C3F916 /* MapOverlayClient.swift in Sources */,
				57F5BC73280D980D00191F64 /* PancakeView.swift in Sources */,
				577A481C282396A6007090BF /* MetricsClient.swift in Sources */,
				579F5952284CD333003D8F6D /* RoomSensorsHistory.swift in Sources */,
				577A4815281A6C48007090BF /* WeatherView.swift in Sources */,
				5728CDF52815926200BBC308 /* HomeView.swift in Sources */,
				57FFECCB27F966CE00B03EE1 /* PancakeApp.swift in Sources */,
				577A4817281A6CD0007090BF /* TrainServiceView.swift in Sources */,
				57B8AC2128ACBAE6001CE330 /* EventClient.swift in Sources */,
				5728CDFC2816D43A00BBC308 /* DashboardClient.swift in Sources */,
				57697EE8290E5A7600C3F916 /* MapView.swift in Sources */,
				577A482428263A7D007090BF /* RoomStatusView.swift in Sources */,
				576E4C2D28E4819400EF0B06 /* Settings.swift in Sources */,
				57B5D5D729C5AE99001544C1 /* Color+Extension.swift in Sources */,
			);
			runOnlyForDeploymentPostprocessing = 0;
		};
/* End PBXSourcesBuildPhase section */

/* Begin XCBuildConfiguration section */
		57FFECD327F966D000B03EE1 /* Debug */ = {
			isa = XCBuildConfiguration;
			buildSettings = {
				ALWAYS_SEARCH_USER_PATHS = NO;
				CLANG_ANALYZER_NONNULL = YES;
				CLANG_ANALYZER_NUMBER_OBJECT_CONVERSION = YES_AGGRESSIVE;
				CLANG_CXX_LANGUAGE_STANDARD = "gnu++17";
				CLANG_CXX_LIBRARY = "libc++";
				CLANG_ENABLE_MODULES = YES;
				CLANG_ENABLE_OBJC_ARC = YES;
				CLANG_ENABLE_OBJC_WEAK = YES;
				CLANG_WARN_BLOCK_CAPTURE_AUTORELEASING = YES;
				CLANG_WARN_BOOL_CONVERSION = YES;
				CLANG_WARN_COMMA = YES;
				CLANG_WARN_CONSTANT_CONVERSION = YES;
				CLANG_WARN_DEPRECATED_OBJC_IMPLEMENTATIONS = YES;
				CLANG_WARN_DIRECT_OBJC_ISA_USAGE = YES_ERROR;
				CLANG_WARN_DOCUMENTATION_COMMENTS = YES;
				CLANG_WARN_EMPTY_BODY = YES;
				CLANG_WARN_ENUM_CONVERSION = YES;
				CLANG_WARN_INFINITE_RECURSION = YES;
				CLANG_WARN_INT_CONVERSION = YES;
				CLANG_WARN_NON_LITERAL_NULL_CONVERSION = YES;
				CLANG_WARN_OBJC_IMPLICIT_RETAIN_SELF = YES;
				CLANG_WARN_OBJC_LITERAL_CONVERSION = YES;
				CLANG_WARN_OBJC_ROOT_CLASS = YES_ERROR;
				CLANG_WARN_QUOTED_INCLUDE_IN_FRAMEWORK_HEADER = YES;
				CLANG_WARN_RANGE_LOOP_ANALYSIS = YES;
				CLANG_WARN_STRICT_PROTOTYPES = YES;
				CLANG_WARN_SUSPICIOUS_MOVE = YES;
				CLANG_WARN_UNGUARDED_AVAILABILITY = YES_AGGRESSIVE;
				CLANG_WARN_UNREACHABLE_CODE = YES;
				CLANG_WARN__DUPLICATE_METHOD_MATCH = YES;
				COPY_PHASE_STRIP = NO;
				DEBUG_INFORMATION_FORMAT = dwarf;
				ENABLE_STRICT_OBJC_MSGSEND = YES;
				ENABLE_TESTABILITY = YES;
				GCC_C_LANGUAGE_STANDARD = gnu11;
				GCC_DYNAMIC_NO_PIC = NO;
				GCC_NO_COMMON_BLOCKS = YES;
				GCC_OPTIMIZATION_LEVEL = 0;
				GCC_PREPROCESSOR_DEFINITIONS = (
					"DEBUG=1",
					"$(inherited)",
				);
				GCC_WARN_64_TO_32_BIT_CONVERSION = YES;
				GCC_WARN_ABOUT_RETURN_TYPE = YES_ERROR;
				GCC_WARN_UNDECLARED_SELECTOR = YES;
				GCC_WARN_UNINITIALIZED_AUTOS = YES_AGGRESSIVE;
				GCC_WARN_UNUSED_FUNCTION = YES;
				GCC_WARN_UNUSED_VARIABLE = YES;
				IPHONEOS_DEPLOYMENT_TARGET = 15.2;
				MTL_ENABLE_DEBUG_INFO = INCLUDE_SOURCE;
				MTL_FAST_MATH = YES;
				ONLY_ACTIVE_ARCH = YES;
				SDKROOT = iphoneos;
				SWIFT_ACTIVE_COMPILATION_CONDITIONS = DEBUG;
				SWIFT_OPTIMIZATION_LEVEL = "-Onone";
			};
			name = Debug;
		};
		57FFECD427F966D000B03EE1 /* Release */ = {
			isa = XCBuildConfiguration;
			buildSettings = {
				ALWAYS_SEARCH_USER_PATHS = NO;
				CLANG_ANALYZER_NONNULL = YES;
				CLANG_ANALYZER_NUMBER_OBJECT_CONVERSION = YES_AGGRESSIVE;
				CLANG_CXX_LANGUAGE_STANDARD = "gnu++17";
				CLANG_CXX_LIBRARY = "libc++";
				CLANG_ENABLE_MODULES = YES;
				CLANG_ENABLE_OBJC_ARC = YES;
				CLANG_ENABLE_OBJC_WEAK = YES;
				CLANG_WARN_BLOCK_CAPTURE_AUTORELEASING = YES;
				CLANG_WARN_BOOL_CONVERSION = YES;
				CLANG_WARN_COMMA = YES;
				CLANG_WARN_CONSTANT_CONVERSION = YES;
				CLANG_WARN_DEPRECATED_OBJC_IMPLEMENTATIONS = YES;
				CLANG_WARN_DIRECT_OBJC_ISA_USAGE = YES_ERROR;
				CLANG_WARN_DOCUMENTATION_COMMENTS = YES;
				CLANG_WARN_EMPTY_BODY = YES;
				CLANG_WARN_ENUM_CONVERSION = YES;
				CLANG_WARN_INFINITE_RECURSION = YES;
				CLANG_WARN_INT_CONVERSION = YES;
				CLANG_WARN_NON_LITERAL_NULL_CONVERSION = YES;
				CLANG_WARN_OBJC_IMPLICIT_RETAIN_SELF = YES;
				CLANG_WARN_OBJC_LITERAL_CONVERSION = YES;
				CLANG_WARN_OBJC_ROOT_CLASS = YES_ERROR;
				CLANG_WARN_QUOTED_INCLUDE_IN_FRAMEWORK_HEADER = YES;
				CLANG_WARN_RANGE_LOOP_ANALYSIS = YES;
				CLANG_WARN_STRICT_PROTOTYPES = YES;
				CLANG_WARN_SUSPICIOUS_MOVE = YES;
				CLANG_WARN_UNGUARDED_AVAILABILITY = YES_AGGRESSIVE;
				CLANG_WARN_UNREACHABLE_CODE = YES;
				CLANG_WARN__DUPLICATE_METHOD_MATCH = YES;
				COPY_PHASE_STRIP = NO;
				DEBUG_INFORMATION_FORMAT = "dwarf-with-dsym";
				ENABLE_NS_ASSERTIONS = NO;
				ENABLE_STRICT_OBJC_MSGSEND = YES;
				GCC_C_LANGUAGE_STANDARD = gnu11;
				GCC_NO_COMMON_BLOCKS = YES;
				GCC_WARN_64_TO_32_BIT_CONVERSION = YES;
				GCC_WARN_ABOUT_RETURN_TYPE = YES_ERROR;
				GCC_WARN_UNDECLARED_SELECTOR = YES;
				GCC_WARN_UNINITIALIZED_AUTOS = YES_AGGRESSIVE;
				GCC_WARN_UNUSED_FUNCTION = YES;
				GCC_WARN_UNUSED_VARIABLE = YES;
				IPHONEOS_DEPLOYMENT_TARGET = 15.2;
				MTL_ENABLE_DEBUG_INFO = NO;
				MTL_FAST_MATH = YES;
				SDKROOT = iphoneos;
				SWIFT_COMPILATION_MODE = wholemodule;
				SWIFT_OPTIMIZATION_LEVEL = "-O";
				VALIDATE_PRODUCT = YES;
			};
			name = Release;
		};
		57FFECD627F966D000B03EE1 /* Debug */ = {
			isa = XCBuildConfiguration;
			buildSettings = {
				ASSETCATALOG_COMPILER_APPICON_NAME = AppIcon;
				ASSETCATALOG_COMPILER_GLOBAL_ACCENT_COLOR_NAME = AccentColor;
				CODE_SIGN_STYLE = Automatic;
				CURRENT_PROJECT_VERSION = 1;
				DEVELOPMENT_ASSET_PATHS = "\"Pancake/Preview Content\"";
				ENABLE_PREVIEWS = YES;
				GENERATE_INFOPLIST_FILE = YES;
				INFOPLIST_FILE = Pancake/Info.plist;
				INFOPLIST_KEY_NSBluetoothAlwaysUsageDescription = "for observe sensor values";
				INFOPLIST_KEY_NSRemindersUsageDescription = "Show event list in dashboard";
				INFOPLIST_KEY_UIApplicationSupportsIndirectInputEvents = YES;
				INFOPLIST_KEY_UILaunchScreen_Generation = YES;
				INFOPLIST_KEY_UIRequiresFullScreen = YES;
				INFOPLIST_KEY_UISupportedInterfaceOrientations = "UIInterfaceOrientationLandscapeLeft UIInterfaceOrientationLandscapeRight UIInterfaceOrientationPortrait";
				INFOPLIST_KEY_UISupportedInterfaceOrientations_iPad = UIInterfaceOrientationLandscapeRight;
				IPHONEOS_DEPLOYMENT_TARGET = 16.0;
				LD_RUNPATH_SEARCH_PATHS = (
					"$(inherited)",
					"@executable_path/Frameworks",
				);
				MARKETING_VERSION = 1.0;
				PRODUCT_BUNDLE_IDENTIFIER = dev.slightair.ios.Pancake;
				PRODUCT_NAME = "$(TARGET_NAME)";
				SWIFT_EMIT_LOC_STRINGS = YES;
				SWIFT_STRICT_CONCURRENCY = complete;
				SWIFT_VERSION = 5.0;
				TARGETED_DEVICE_FAMILY = 2;
			};
			name = Debug;
		};
		57FFECD727F966D000B03EE1 /* Release */ = {
			isa = XCBuildConfiguration;
			buildSettings = {
				ASSETCATALOG_COMPILER_APPICON_NAME = AppIcon;
				ASSETCATALOG_COMPILER_GLOBAL_ACCENT_COLOR_NAME = AccentColor;
				CODE_SIGN_STYLE = Automatic;
				CURRENT_PROJECT_VERSION = 1;
				DEVELOPMENT_ASSET_PATHS = "\"Pancake/Preview Content\"";
				ENABLE_PREVIEWS = YES;
				GENERATE_INFOPLIST_FILE = YES;
				INFOPLIST_FILE = Pancake/Info.plist;
				INFOPLIST_KEY_NSBluetoothAlwaysUsageDescription = "for observe sensor values";
				INFOPLIST_KEY_NSRemindersUsageDescription = "Show event list in dashboard";
				INFOPLIST_KEY_UIApplicationSupportsIndirectInputEvents = YES;
				INFOPLIST_KEY_UILaunchScreen_Generation = YES;
				INFOPLIST_KEY_UIRequiresFullScreen = YES;
				INFOPLIST_KEY_UISupportedInterfaceOrientations = "UIInterfaceOrientationLandscapeLeft UIInterfaceOrientationLandscapeRight UIInterfaceOrientationPortrait";
				INFOPLIST_KEY_UISupportedInterfaceOrientations_iPad = UIInterfaceOrientationLandscapeRight;
				IPHONEOS_DEPLOYMENT_TARGET = 16.0;
				LD_RUNPATH_SEARCH_PATHS = (
					"$(inherited)",
					"@executable_path/Frameworks",
				);
				MARKETING_VERSION = 1.0;
				PRODUCT_BUNDLE_IDENTIFIER = dev.slightair.ios.Pancake;
				PRODUCT_NAME = "$(TARGET_NAME)";
				SWIFT_EMIT_LOC_STRINGS = YES;
				SWIFT_STRICT_CONCURRENCY = complete;
				SWIFT_VERSION = 5.0;
				TARGETED_DEVICE_FAMILY = 2;
			};
			name = Release;
		};
/* End XCBuildConfiguration section */

/* Begin XCConfigurationList section */
		57FFECC227F966CE00B03EE1 /* Build configuration list for PBXProject "Pancake" */ = {
			isa = XCConfigurationList;
			buildConfigurations = (
				57FFECD327F966D000B03EE1 /* Debug */,
				57FFECD427F966D000B03EE1 /* Release */,
			);
			defaultConfigurationIsVisible = 0;
			defaultConfigurationName = Release;
		};
		57FFECD527F966D000B03EE1 /* Build configuration list for PBXNativeTarget "Pancake" */ = {
			isa = XCConfigurationList;
			buildConfigurations = (
				57FFECD627F966D000B03EE1 /* Debug */,
				57FFECD727F966D000B03EE1 /* Release */,
			);
			defaultConfigurationIsVisible = 0;
			defaultConfigurationName = Release;
		};
/* End XCConfigurationList section */

/* Begin XCRemoteSwiftPackageReference section */
		579F5955284CE4D7003D8F6D /* XCRemoteSwiftPackageReference "firebase-ios-sdk" */ = {
			isa = XCRemoteSwiftPackageReference;
			repositoryURL = "https://github.com/firebase/firebase-ios-sdk";
			requirement = {
				kind = upToNextMajorVersion;
				minimumVersion = 10.0.0;
			};
		};
		57AAA7E028E341A4008CE2E9 /* XCRemoteSwiftPackageReference "Charts" */ = {
			isa = XCRemoteSwiftPackageReference;
			repositoryURL = "https://github.com/danielgindi/Charts";
			requirement = {
				kind = upToNextMajorVersion;
				minimumVersion = 4.1.0;
			};
		};
		57DD4EB4280156FF00D0F249 /* XCRemoteSwiftPackageReference "HorizonCalendar" */ = {
			isa = XCRemoteSwiftPackageReference;
			repositoryURL = "https://github.com/airbnb/HorizonCalendar";
			requirement = {
				kind = upToNextMajorVersion;
				minimumVersion = 1.13.4;
			};
		};
		57F5BC6F280D96D100191F64 /* XCRemoteSwiftPackageReference "swift-composable-architecture" */ = {
			isa = XCRemoteSwiftPackageReference;
			repositoryURL = "https://github.com/pointfreeco/swift-composable-architecture";
			requirement = {
				kind = upToNextMajorVersion;
				minimumVersion = 0.38.0;
			};
		};
/* End XCRemoteSwiftPackageReference section */

/* Begin XCSwiftPackageProductDependency section */
		579F5956284CE4D7003D8F6D /* FirebaseFirestore */ = {
			isa = XCSwiftPackageProductDependency;
			package = 579F5955284CE4D7003D8F6D /* XCRemoteSwiftPackageReference "firebase-ios-sdk" */;
			productName = FirebaseFirestore;
		};
		579F5958284CE4D7003D8F6D /* FirebaseFirestoreCombine-Community */ = {
			isa = XCSwiftPackageProductDependency;
			package = 579F5955284CE4D7003D8F6D /* XCRemoteSwiftPackageReference "firebase-ios-sdk" */;
			productName = "FirebaseFirestoreCombine-Community";
		};
		579F595A284CE4D7003D8F6D /* FirebaseFirestoreSwift */ = {
			isa = XCSwiftPackageProductDependency;
			package = 579F5955284CE4D7003D8F6D /* XCRemoteSwiftPackageReference "firebase-ios-sdk" */;
			productName = FirebaseFirestoreSwift;
		};
		57AAA7E128E341A4008CE2E9 /* Charts */ = {
			isa = XCSwiftPackageProductDependency;
			package = 57AAA7E028E341A4008CE2E9 /* XCRemoteSwiftPackageReference "Charts" */;
			productName = Charts;
		};
		57DD4EB5280156FF00D0F249 /* HorizonCalendar */ = {
			isa = XCSwiftPackageProductDependency;
			package = 57DD4EB4280156FF00D0F249 /* XCRemoteSwiftPackageReference "HorizonCalendar" */;
			productName = HorizonCalendar;
		};
		57F5BC70280D96D100191F64 /* ComposableArchitecture */ = {
			isa = XCSwiftPackageProductDependency;
			package = 57F5BC6F280D96D100191F64 /* XCRemoteSwiftPackageReference "swift-composable-architecture" */;
			productName = ComposableArchitecture;
		};
/* End XCSwiftPackageProductDependency section */
	};
	rootObject = 57FFECBF27F966CE00B03EE1 /* Project object */;
}
