// !$*UTF8*$!
{
	archiveVersion = 1;
	classes = {
	};
	objectVersion = 55;
	objects = {

/* Begin PBXBuildFile section */
		57DD4EB6280156FF00D0F249 /* HorizonCalendar in Frameworks */ = {isa = PBXBuildFile; productRef = 57DD4EB5280156FF00D0F249 /* HorizonCalendar */; };
		57DD4EB82801573800D0F249 /* DashboardCalendar.swift in Sources */ = {isa = PBXBuildFile; fileRef = 57DD4EB72801573800D0F249 /* DashboardCalendar.swift */; };
		57F5BC65280BCF5C00191F64 /* DashboardEventList.swift in Sources */ = {isa = PBXBuildFile; fileRef = 57F5BC64280BCF5C00191F64 /* DashboardEventList.swift */; };
		57F5BC67280BD18800191F64 /* DashboardHeader.swift in Sources */ = {isa = PBXBuildFile; fileRef = 57F5BC66280BD18800191F64 /* DashboardHeader.swift */; };
		57F5BC6A280C3DD800191F64 /* SwiftUICharts in Frameworks */ = {isa = PBXBuildFile; productRef = 57F5BC69280C3DD800191F64 /* SwiftUICharts */; };
		57F5BC6C280C3EC400191F64 /* DashboardRoomList.swift in Sources */ = {isa = PBXBuildFile; fileRef = 57F5BC6B280C3EC400191F64 /* DashboardRoomList.swift */; };
		57F5BC6E280C45CC00191F64 /* DashboardTrainInfo.swift in Sources */ = {isa = PBXBuildFile; fileRef = 57F5BC6D280C45CC00191F64 /* DashboardTrainInfo.swift */; };
		57FFECCB27F966CE00B03EE1 /* PancakeApp.swift in Sources */ = {isa = PBXBuildFile; fileRef = 57FFECCA27F966CE00B03EE1 /* PancakeApp.swift */; };
		57FFECCD27F966CE00B03EE1 /* Dashboard.swift in Sources */ = {isa = PBXBuildFile; fileRef = 57FFECCC27F966CE00B03EE1 /* Dashboard.swift */; };
		57FFECCF27F966D000B03EE1 /* Assets.xcassets in Resources */ = {isa = PBXBuildFile; fileRef = 57FFECCE27F966D000B03EE1 /* Assets.xcassets */; };
		57FFECD227F966D000B03EE1 /* Preview Assets.xcassets in Resources */ = {isa = PBXBuildFile; fileRef = 57FFECD127F966D000B03EE1 /* Preview Assets.xcassets */; };
/* End PBXBuildFile section */

/* Begin PBXFileReference section */
		57DD4EB72801573800D0F249 /* DashboardCalendar.swift */ = {isa = PBXFileReference; lastKnownFileType = sourcecode.swift; path = DashboardCalendar.swift; sourceTree = "<group>"; };
		57F5BC64280BCF5C00191F64 /* DashboardEventList.swift */ = {isa = PBXFileReference; lastKnownFileType = sourcecode.swift; path = DashboardEventList.swift; sourceTree = "<group>"; };
		57F5BC66280BD18800191F64 /* DashboardHeader.swift */ = {isa = PBXFileReference; lastKnownFileType = sourcecode.swift; path = DashboardHeader.swift; sourceTree = "<group>"; };
		57F5BC6B280C3EC400191F64 /* DashboardRoomList.swift */ = {isa = PBXFileReference; lastKnownFileType = sourcecode.swift; path = DashboardRoomList.swift; sourceTree = "<group>"; };
		57F5BC6D280C45CC00191F64 /* DashboardTrainInfo.swift */ = {isa = PBXFileReference; lastKnownFileType = sourcecode.swift; path = DashboardTrainInfo.swift; sourceTree = "<group>"; };
		57FFECC727F966CE00B03EE1 /* Pancake.app */ = {isa = PBXFileReference; explicitFileType = wrapper.application; includeInIndex = 0; path = Pancake.app; sourceTree = BUILT_PRODUCTS_DIR; };
		57FFECCA27F966CE00B03EE1 /* PancakeApp.swift */ = {isa = PBXFileReference; lastKnownFileType = sourcecode.swift; path = PancakeApp.swift; sourceTree = "<group>"; };
		57FFECCC27F966CE00B03EE1 /* Dashboard.swift */ = {isa = PBXFileReference; lastKnownFileType = sourcecode.swift; path = Dashboard.swift; sourceTree = "<group>"; };
		57FFECCE27F966D000B03EE1 /* Assets.xcassets */ = {isa = PBXFileReference; lastKnownFileType = folder.assetcatalog; path = Assets.xcassets; sourceTree = "<group>"; };
		57FFECD127F966D000B03EE1 /* Preview Assets.xcassets */ = {isa = PBXFileReference; lastKnownFileType = folder.assetcatalog; path = "Preview Assets.xcassets"; sourceTree = "<group>"; };
		57FFECD827F966F100B03EE1 /* Info.plist */ = {isa = PBXFileReference; lastKnownFileType = text.plist; path = Info.plist; sourceTree = "<group>"; };
/* End PBXFileReference section */

/* Begin PBXFrameworksBuildPhase section */
		57FFECC427F966CE00B03EE1 /* Frameworks */ = {
			isa = PBXFrameworksBuildPhase;
			buildActionMask = 2147483647;
			files = (
				57DD4EB6280156FF00D0F249 /* HorizonCalendar in Frameworks */,
				57F5BC6A280C3DD800191F64 /* SwiftUICharts in Frameworks */,
			);
			runOnlyForDeploymentPostprocessing = 0;
		};
/* End PBXFrameworksBuildPhase section */

/* Begin PBXGroup section */
		57FFECBE27F966CE00B03EE1 = {
			isa = PBXGroup;
			children = (
				57FFECC927F966CE00B03EE1 /* Pancake */,
				57FFECC827F966CE00B03EE1 /* Products */,
			);
			sourceTree = "<group>";
		};
		57FFECC827F966CE00B03EE1 /* Products */ = {
			isa = PBXGroup;
			children = (
				57FFECC727F966CE00B03EE1 /* Pancake.app */,
			);
			name = Products;
			sourceTree = "<group>";
		};
		57FFECC927F966CE00B03EE1 /* Pancake */ = {
			isa = PBXGroup;
			children = (
				57FFECDA27F9699100B03EE1 /* View */,
				57FFECD927F9686400B03EE1 /* Sensor */,
				57FFECD827F966F100B03EE1 /* Info.plist */,
				57FFECCA27F966CE00B03EE1 /* PancakeApp.swift */,
				57FFECCE27F966D000B03EE1 /* Assets.xcassets */,
				57FFECD027F966D000B03EE1 /* Preview Content */,
			);
			path = Pancake;
			sourceTree = "<group>";
		};
		57FFECD027F966D000B03EE1 /* Preview Content */ = {
			isa = PBXGroup;
			children = (
				57FFECD127F966D000B03EE1 /* Preview Assets.xcassets */,
			);
			path = "Preview Content";
			sourceTree = "<group>";
		};
		57FFECD927F9686400B03EE1 /* Sensor */ = {
			isa = PBXGroup;
			children = (
			);
			path = Sensor;
			sourceTree = "<group>";
		};
		57FFECDA27F9699100B03EE1 /* View */ = {
			isa = PBXGroup;
			children = (
				57FFECCC27F966CE00B03EE1 /* Dashboard.swift */,
				57DD4EB72801573800D0F249 /* DashboardCalendar.swift */,
				57F5BC64280BCF5C00191F64 /* DashboardEventList.swift */,
				57F5BC66280BD18800191F64 /* DashboardHeader.swift */,
				57F5BC6B280C3EC400191F64 /* DashboardRoomList.swift */,
				57F5BC6D280C45CC00191F64 /* DashboardTrainInfo.swift */,
			);
			path = View;
			sourceTree = "<group>";
		};
/* End PBXGroup section */

/* Begin PBXNativeTarget section */
		57FFECC627F966CE00B03EE1 /* Pancake */ = {
			isa = PBXNativeTarget;
			buildConfigurationList = 57FFECD527F966D000B03EE1 /* Build configuration list for PBXNativeTarget "Pancake" */;
			buildPhases = (
				57FFECC327F966CE00B03EE1 /* Sources */,
				57FFECC427F966CE00B03EE1 /* Frameworks */,
				57FFECC527F966CE00B03EE1 /* Resources */,
			);
			buildRules = (
			);
			dependencies = (
			);
			name = Pancake;
			packageProductDependencies = (
				57DD4EB5280156FF00D0F249 /* HorizonCalendar */,
				57F5BC69280C3DD800191F64 /* SwiftUICharts */,
			);
			productName = Pancake;
			productReference = 57FFECC727F966CE00B03EE1 /* Pancake.app */;
			productType = "com.apple.product-type.application";
		};
/* End PBXNativeTarget section */

/* Begin PBXProject section */
		57FFECBF27F966CE00B03EE1 /* Project object */ = {
			isa = PBXProject;
			attributes = {
				BuildIndependentTargetsInParallel = 1;
				LastSwiftUpdateCheck = 1320;
				LastUpgradeCheck = 1320;
				TargetAttributes = {
					57FFECC627F966CE00B03EE1 = {
						CreatedOnToolsVersion = 13.2.1;
					};
				};
			};
			buildConfigurationList = 57FFECC227F966CE00B03EE1 /* Build configuration list for PBXProject "Pancake" */;
			compatibilityVersion = "Xcode 13.0";
			developmentRegion = en;
			hasScannedForEncodings = 0;
			knownRegions = (
				en,
				Base,
			);
			mainGroup = 57FFECBE27F966CE00B03EE1;
			packageReferences = (
				57DD4EB4280156FF00D0F249 /* XCRemoteSwiftPackageReference "HorizonCalendar" */,
				57F5BC68280C3DD800191F64 /* XCRemoteSwiftPackageReference "ChartView" */,
			);
			productRefGroup = 57FFECC827F966CE00B03EE1 /* Products */;
			projectDirPath = "";
			projectRoot = "";
			targets = (
				57FFECC627F966CE00B03EE1 /* Pancake */,
			);
		};
/* End PBXProject section */

/* Begin PBXResourcesBuildPhase section */
		57FFECC527F966CE00B03EE1 /* Resources */ = {
			isa = PBXResourcesBuildPhase;
			buildActionMask = 2147483647;
			files = (
				57FFECD227F966D000B03EE1 /* Preview Assets.xcassets in Resources */,
				57FFECCF27F966D000B03EE1 /* Assets.xcassets in Resources */,
			);
			runOnlyForDeploymentPostprocessing = 0;
		};
/* End PBXResourcesBuildPhase section */

/* Begin PBXSourcesBuildPhase section */
		57FFECC327F966CE00B03EE1 /* Sources */ = {
			isa = PBXSourcesBuildPhase;
			buildActionMask = 2147483647;
			files = (
				57FFECCD27F966CE00B03EE1 /* Dashboard.swift in Sources */,
				57F5BC6C280C3EC400191F64 /* DashboardRoomList.swift in Sources */,
				57DD4EB82801573800D0F249 /* DashboardCalendar.swift in Sources */,
				57F5BC6E280C45CC00191F64 /* DashboardTrainInfo.swift in Sources */,
				57F5BC67280BD18800191F64 /* DashboardHeader.swift in Sources */,
				57F5BC65280BCF5C00191F64 /* DashboardEventList.swift in Sources */,
				57FFECCB27F966CE00B03EE1 /* PancakeApp.swift in Sources */,
			);
			runOnlyForDeploymentPostprocessing = 0;
		};
/* End PBXSourcesBuildPhase section */

/* Begin XCBuildConfiguration section */
		57FFECD327F966D000B03EE1 /* Debug */ = {
			isa = XCBuildConfiguration;
			buildSettings = {
				ALWAYS_SEARCH_USER_PATHS = NO;
				CLANG_ANALYZER_NONNULL = YES;
				CLANG_ANALYZER_NUMBER_OBJECT_CONVERSION = YES_AGGRESSIVE;
				CLANG_CXX_LANGUAGE_STANDARD = "gnu++17";
				CLANG_CXX_LIBRARY = "libc++";
				CLANG_ENABLE_MODULES = YES;
				CLANG_ENABLE_OBJC_ARC = YES;
				CLANG_ENABLE_OBJC_WEAK = YES;
				CLANG_WARN_BLOCK_CAPTURE_AUTORELEASING = YES;
				CLANG_WARN_BOOL_CONVERSION = YES;
				CLANG_WARN_COMMA = YES;
				CLANG_WARN_CONSTANT_CONVERSION = YES;
				CLANG_WARN_DEPRECATED_OBJC_IMPLEMENTATIONS = YES;
				CLANG_WARN_DIRECT_OBJC_ISA_USAGE = YES_ERROR;
				CLANG_WARN_DOCUMENTATION_COMMENTS = YES;
				CLANG_WARN_EMPTY_BODY = YES;
				CLANG_WARN_ENUM_CONVERSION = YES;
				CLANG_WARN_INFINITE_RECURSION = YES;
				CLANG_WARN_INT_CONVERSION = YES;
				CLANG_WARN_NON_LITERAL_NULL_CONVERSION = YES;
				CLANG_WARN_OBJC_IMPLICIT_RETAIN_SELF = YES;
				CLANG_WARN_OBJC_LITERAL_CONVERSION = YES;
				CLANG_WARN_OBJC_ROOT_CLASS = YES_ERROR;
				CLANG_WARN_QUOTED_INCLUDE_IN_FRAMEWORK_HEADER = YES;
				CLANG_WARN_RANGE_LOOP_ANALYSIS = YES;
				CLANG_WARN_STRICT_PROTOTYPES = YES;
				CLANG_WARN_SUSPICIOUS_MOVE = YES;
				CLANG_WARN_UNGUARDED_AVAILABILITY = YES_AGGRESSIVE;
				CLANG_WARN_UNREACHABLE_CODE = YES;
				CLANG_WARN__DUPLICATE_METHOD_MATCH = YES;
				COPY_PHASE_STRIP = NO;
				DEBUG_INFORMATION_FORMAT = dwarf;
				ENABLE_STRICT_OBJC_MSGSEND = YES;
				ENABLE_TESTABILITY = YES;
				GCC_C_LANGUAGE_STANDARD = gnu11;
				GCC_DYNAMIC_NO_PIC = NO;
				GCC_NO_COMMON_BLOCKS = YES;
				GCC_OPTIMIZATION_LEVEL = 0;
				GCC_PREPROCESSOR_DEFINITIONS = (
					"DEBUG=1",
					"$(inherited)",
				);
				GCC_WARN_64_TO_32_BIT_CONVERSION = YES;
				GCC_WARN_ABOUT_RETURN_TYPE = YES_ERROR;
				GCC_WARN_UNDECLARED_SELECTOR = YES;
				GCC_WARN_UNINITIALIZED_AUTOS = YES_AGGRESSIVE;
				GCC_WARN_UNUSED_FUNCTION = YES;
				GCC_WARN_UNUSED_VARIABLE = YES;
				IPHONEOS_DEPLOYMENT_TARGET = 15.2;
				MTL_ENABLE_DEBUG_INFO = INCLUDE_SOURCE;
				MTL_FAST_MATH = YES;
				ONLY_ACTIVE_ARCH = YES;
				SDKROOT = iphoneos;
				SWIFT_ACTIVE_COMPILATION_CONDITIONS = DEBUG;
				SWIFT_OPTIMIZATION_LEVEL = "-Onone";
			};
			name = Debug;
		};
		57FFECD427F966D000B03EE1 /* Release */ = {
			isa = XCBuildConfiguration;
			buildSettings = {
				ALWAYS_SEARCH_USER_PATHS = NO;
				CLANG_ANALYZER_NONNULL = YES;
				CLANG_ANALYZER_NUMBER_OBJECT_CONVERSION = YES_AGGRESSIVE;
				CLANG_CXX_LANGUAGE_STANDARD = "gnu++17";
				CLANG_CXX_LIBRARY = "libc++";
				CLANG_ENABLE_MODULES = YES;
				CLANG_ENABLE_OBJC_ARC = YES;
				CLANG_ENABLE_OBJC_WEAK = YES;
				CLANG_WARN_BLOCK_CAPTURE_AUTORELEASING = YES;
				CLANG_WARN_BOOL_CONVERSION = YES;
				CLANG_WARN_COMMA = YES;
				CLANG_WARN_CONSTANT_CONVERSION = YES;
				CLANG_WARN_DEPRECATED_OBJC_IMPLEMENTATIONS = YES;
				CLANG_WARN_DIRECT_OBJC_ISA_USAGE = YES_ERROR;
				CLANG_WARN_DOCUMENTATION_COMMENTS = YES;
				CLANG_WARN_EMPTY_BODY = YES;
				CLANG_WARN_ENUM_CONVERSION = YES;
				CLANG_WARN_INFINITE_RECURSION = YES;
				CLANG_WARN_INT_CONVERSION = YES;
				CLANG_WARN_NON_LITERAL_NULL_CONVERSION = YES;
				CLANG_WARN_OBJC_IMPLICIT_RETAIN_SELF = YES;
				CLANG_WARN_OBJC_LITERAL_CONVERSION = YES;
				CLANG_WARN_OBJC_ROOT_CLASS = YES_ERROR;
				CLANG_WARN_QUOTED_INCLUDE_IN_FRAMEWORK_HEADER = YES;
				CLANG_WARN_RANGE_LOOP_ANALYSIS = YES;
				CLANG_WARN_STRICT_PROTOTYPES = YES;
				CLANG_WARN_SUSPICIOUS_MOVE = YES;
				CLANG_WARN_UNGUARDED_AVAILABILITY = YES_AGGRESSIVE;
				CLANG_WARN_UNREACHABLE_CODE = YES;
				CLANG_WARN__DUPLICATE_METHOD_MATCH = YES;
				COPY_PHASE_STRIP = NO;
				DEBUG_INFORMATION_FORMAT = "dwarf-with-dsym";
				ENABLE_NS_ASSERTIONS = NO;
				ENABLE_STRICT_OBJC_MSGSEND = YES;
				GCC_C_LANGUAGE_STANDARD = gnu11;
				GCC_NO_COMMON_BLOCKS = YES;
				GCC_WARN_64_TO_32_BIT_CONVERSION = YES;
				GCC_WARN_ABOUT_RETURN_TYPE = YES_ERROR;
				GCC_WARN_UNDECLARED_SELECTOR = YES;
				GCC_WARN_UNINITIALIZED_AUTOS = YES_AGGRESSIVE;
				GCC_WARN_UNUSED_FUNCTION = YES;
				GCC_WARN_UNUSED_VARIABLE = YES;
				IPHONEOS_DEPLOYMENT_TARGET = 15.2;
				MTL_ENABLE_DEBUG_INFO = NO;
				MTL_FAST_MATH = YES;
				SDKROOT = iphoneos;
				SWIFT_COMPILATION_MODE = wholemodule;
				SWIFT_OPTIMIZATION_LEVEL = "-O";
				VALIDATE_PRODUCT = YES;
			};
			name = Release;
		};
		57FFECD627F966D000B03EE1 /* Debug */ = {
			isa = XCBuildConfiguration;
			buildSettings = {
				ASSETCATALOG_COMPILER_APPICON_NAME = AppIcon;
				ASSETCATALOG_COMPILER_GLOBAL_ACCENT_COLOR_NAME = AccentColor;
				CODE_SIGN_STYLE = Automatic;
				CURRENT_PROJECT_VERSION = 1;
				DEVELOPMENT_ASSET_PATHS = "\"Pancake/Preview Content\"";
				ENABLE_PREVIEWS = YES;
				GENERATE_INFOPLIST_FILE = YES;
				INFOPLIST_FILE = Pancake/Info.plist;
				INFOPLIST_KEY_UIApplicationSupportsIndirectInputEvents = YES;
				INFOPLIST_KEY_UILaunchScreen_Generation = YES;
				INFOPLIST_KEY_UIRequiresFullScreen = YES;
				INFOPLIST_KEY_UISupportedInterfaceOrientations_iPad = UIInterfaceOrientationPortrait;
				INFOPLIST_KEY_UISupportedInterfaceOrientations_iPhone = "UIInterfaceOrientationPortrait UIInterfaceOrientationLandscapeLeft UIInterfaceOrientationLandscapeRight";
				LD_RUNPATH_SEARCH_PATHS = (
					"$(inherited)",
					"@executable_path/Frameworks",
				);
				MARKETING_VERSION = 1.0;
				PRODUCT_BUNDLE_IDENTIFIER = dev.slightair.ios.Pancake;
				PRODUCT_NAME = "$(TARGET_NAME)";
				SWIFT_EMIT_LOC_STRINGS = YES;
				SWIFT_VERSION = 5.0;
				TARGETED_DEVICE_FAMILY = 2;
			};
			name = Debug;
		};
		57FFECD727F966D000B03EE1 /* Release */ = {
			isa = XCBuildConfiguration;
			buildSettings = {
				ASSETCATALOG_COMPILER_APPICON_NAME = AppIcon;
				ASSETCATALOG_COMPILER_GLOBAL_ACCENT_COLOR_NAME = AccentColor;
				CODE_SIGN_STYLE = Automatic;
				CURRENT_PROJECT_VERSION = 1;
				DEVELOPMENT_ASSET_PATHS = "\"Pancake/Preview Content\"";
				ENABLE_PREVIEWS = YES;
				GENERATE_INFOPLIST_FILE = YES;
				INFOPLIST_FILE = Pancake/Info.plist;
				INFOPLIST_KEY_UIApplicationSupportsIndirectInputEvents = YES;
				INFOPLIST_KEY_UILaunchScreen_Generation = YES;
				INFOPLIST_KEY_UIRequiresFullScreen = YES;
				INFOPLIST_KEY_UISupportedInterfaceOrientations_iPad = UIInterfaceOrientationPortrait;
				INFOPLIST_KEY_UISupportedInterfaceOrientations_iPhone = "UIInterfaceOrientationPortrait UIInterfaceOrientationLandscapeLeft UIInterfaceOrientationLandscapeRight";
				LD_RUNPATH_SEARCH_PATHS = (
					"$(inherited)",
					"@executable_path/Frameworks",
				);
				MARKETING_VERSION = 1.0;
				PRODUCT_BUNDLE_IDENTIFIER = dev.slightair.ios.Pancake;
				PRODUCT_NAME = "$(TARGET_NAME)";
				SWIFT_EMIT_LOC_STRINGS = YES;
				SWIFT_VERSION = 5.0;
				TARGETED_DEVICE_FAMILY = 2;
			};
			name = Release;
		};
/* End XCBuildConfiguration section */

/* Begin XCConfigurationList section */
		57FFECC227F966CE00B03EE1 /* Build configuration list for PBXProject "Pancake" */ = {
			isa = XCConfigurationList;
			buildConfigurations = (
				57FFECD327F966D000B03EE1 /* Debug */,
				57FFECD427F966D000B03EE1 /* Release */,
			);
			defaultConfigurationIsVisible = 0;
			defaultConfigurationName = Release;
		};
		57FFECD527F966D000B03EE1 /* Build configuration list for PBXNativeTarget "Pancake" */ = {
			isa = XCConfigurationList;
			buildConfigurations = (
				57FFECD627F966D000B03EE1 /* Debug */,
				57FFECD727F966D000B03EE1 /* Release */,
			);
			defaultConfigurationIsVisible = 0;
			defaultConfigurationName = Release;
		};
/* End XCConfigurationList section */

/* Begin XCRemoteSwiftPackageReference section */
		57DD4EB4280156FF00D0F249 /* XCRemoteSwiftPackageReference "HorizonCalendar" */ = {
			isa = XCRemoteSwiftPackageReference;
			repositoryURL = "https://github.com/airbnb/HorizonCalendar";
			requirement = {
				kind = upToNextMajorVersion;
				minimumVersion = 1.13.3;
			};
		};
		57F5BC68280C3DD800191F64 /* XCRemoteSwiftPackageReference "ChartView" */ = {
			isa = XCRemoteSwiftPackageReference;
			repositoryURL = "https://github.com/AppPear/ChartView";
			requirement = {
				kind = upToNextMajorVersion;
				minimumVersion = 1.0.0;
			};
		};
/* End XCRemoteSwiftPackageReference section */

/* Begin XCSwiftPackageProductDependency section */
		57DD4EB5280156FF00D0F249 /* HorizonCalendar */ = {
			isa = XCSwiftPackageProductDependency;
			package = 57DD4EB4280156FF00D0F249 /* XCRemoteSwiftPackageReference "HorizonCalendar" */;
			productName = HorizonCalendar;
		};
		57F5BC69280C3DD800191F64 /* SwiftUICharts */ = {
			isa = XCSwiftPackageProductDependency;
			package = 57F5BC68280C3DD800191F64 /* XCRemoteSwiftPackageReference "ChartView" */;
			productName = SwiftUICharts;
		};
/* End XCSwiftPackageProductDependency section */
	};
	rootObject = 57FFECBF27F966CE00B03EE1 /* Project object */;
}
